// !$*UTF8*$!
{
	archiveVersion = 1;
	classes = {
	};
	objectVersion = 77;
	objects = {

/* Begin PBXBuildFile section */
		C40DF9032FA86EEB000FE277 /* GooglePlaces in Frameworks */ = {isa = PBXBuildFile; productRef = C40DF9022FA86EEB000FE277 /* GooglePlaces */; };
		C40DF9052FA86EEB000FE277 /* GooglePlacesSwift in Frameworks */ = {isa = PBXBuildFile; productRef = C40DF9042FA86EEB000FE277 /* GooglePlacesSwift */; };
		C43CAA5C2F9B50EB00ABCA8A /* FirebaseFunctions in Frameworks */ = {isa = PBXBuildFile; productRef = C43CAA5B2F9B50EB00ABCA8A /* FirebaseFunctions */; };
		C4795F692F8AE41D002495D1 /* GoogleSignIn in Frameworks */ = {isa = PBXBuildFile; productRef = C4795F682F8AE41D002495D1 /* GoogleSignIn */; };
		C4795F6B2F8AE41D002495D1 /* GoogleSignInSwift in Frameworks */ = {isa = PBXBuildFile; productRef = C4795F6A2F8AE41D002495D1 /* GoogleSignInSwift */; };
		C4795F712F8AE41D002495D1 /* FirebaseAuth in Frameworks */ = {isa = PBXBuildFile; productRef = C4795F702F8AE41D002495D1 /* FirebaseAuth */; };
		C4795F732F8AE41D002495D1 /* FirebaseCore in Frameworks */ = {isa = PBXBuildFile; productRef = C4795F722F8AE41D002495D1 /* FirebaseCore */; };
		C4795F752F8AE41D002495D1 /* FirebaseFirestore in Frameworks */ = {isa = PBXBuildFile; productRef = C4795F742F8AE41D002495D1 /* FirebaseFirestore */; };
		C4795F772F8AE41D002495D1 /* FirebaseStorage in Frameworks */ = {isa = PBXBuildFile; productRef = C4795F762F8AE41D002495D1 /* FirebaseStorage */; };
		C4795F792F8AE41D002495D1 /* FirebaseMessaging in Frameworks */ = {isa = PBXBuildFile; productRef = C4795F782F8AE41D002495D1 /* FirebaseMessaging */; };
		C4795F7C2F8C0E2002495D1 /* Lottie in Frameworks */ = {isa = PBXBuildFile; productRef = C4795F7B2F8C0E2002495D1 /* Lottie */; };
/* End PBXBuildFile section */

/* Begin PBXFileReference section */
		C4795F342F8ADCC7002495D1 /* CafeHunter.app */ = {isa = PBXFileReference; explicitFileType = wrapper.application; includeInIndex = 0; path = CafeHunter.app; sourceTree = BUILT_PRODUCTS_DIR; };
/* End PBXFileReference section */

/* Begin PBXFileSystemSynchronizedBuildFileExceptionSet section */
		C4795F782F8ADCC8002495D1 /* Exceptions for "CafeHunter" folder in "CafeHunter" target */ = {
			isa = PBXFileSystemSynchronizedBuildFileExceptionSet;
			membershipExceptions = (
				Info.plist,
			);
			target = C4795F332F8ADCC7002495D1 /* CafeHunter */;
		};
/* End PBXFileSystemSynchronizedBuildFileExceptionSet section */

/* Begin PBXFileSystemSynchronizedRootGroup section */
		C4795F362F8ADCC7002495D1 /* CafeHunter */ = {
			isa = PBXFileSystemSynchronizedRootGroup;
			exceptions = (
				C4795F782F8ADCC8002495D1 /* Exceptions for "CafeHunter" folder in "CafeHunter" target */,
			);
			path = CafeHunter;
			sourceTree = "<group>";
		};
/* End PBXFileSystemSynchronizedRootGroup section */

/* Begin PBXFrameworksBuildPhase section */
		C4795F312F8ADCC7002495D1 /* Frameworks */ = {
			isa = PBXFrameworksBuildPhase;
			buildActionMask = 2147483647;
			files = (
				C4795F712F8AE41D002495D1 /* FirebaseAuth in Frameworks */,
				C4795F732F8AE41D002495D1 /* FirebaseCore in Frameworks */,
				C4795F752F8AE41D002495D1 /* FirebaseFirestore in Frameworks */,
				C40DF9032FA86EEB000FE277 /* GooglePlaces in Frameworks */,
				C43CAA5C2F9B50EB00ABCA8A /* FirebaseFunctions in Frameworks */,
				C4795F772F8AE41D002495D1 /* FirebaseStorage in Frameworks */,
				C4795F792F8AE41D002495D1 /* FirebaseMessaging in Frameworks */,
				C40DF9052FA86EEB000FE277 /* GooglePlacesSwift in Frameworks */,
				C4795F7C2F8C0E2002495D1 /* Lottie in Frameworks */,
				C4795F692F8AE41D002495D1 /* GoogleSignIn in Frameworks */,
				C4795F6B2F8AE41D002495D1 /* GoogleSignInSwift in Frameworks */,
			);
			runOnlyForDeploymentPostprocessing = 0;
		};
/* End PBXFrameworksBuildPhase section */

/* Begin PBXGroup section */
		C43CAA5A2F9B50EB00ABCA8A /* Frameworks */ = {
			isa = PBXGroup;
			children = (
			);
			name = Frameworks;
			sourceTree = "<group>";
		};
		C4795F2B2F8ADCC7002495D1 = {
			isa = PBXGroup;
			children = (
				C4795F362F8ADCC7002495D1 /* CafeHunter */,
				C43CAA5A2F9B50EB00ABCA8A /* Frameworks */,
				C4795F352F8ADCC7002495D1 /* Products */,
			);
			sourceTree = "<group>";
		};
		C4795F352F8ADCC7002495D1 /* Products */ = {
			isa = PBXGroup;
			children = (
				C4795F342F8ADCC7002495D1 /* CafeHunter.app */,
			);
			name = Products;
			sourceTree = "<group>";
		};
/* End PBXGroup section */

/* Begin PBXNativeTarget section */
		C4795F332F8ADCC7002495D1 /* CafeHunter */ = {
			isa = PBXNativeTarget;
			buildConfigurationList = C4795F3F2F8ADCC8002495D1 /* Build configuration list for PBXNativeTarget "CafeHunter" */;
			buildPhases = (
				C4795F302F8ADCC7002495D1 /* Sources */,
				C4795F312F8ADCC7002495D1 /* Frameworks */,
				C4795F322F8ADCC7002495D1 /* Resources */,
			);
			buildRules = (
			);
			dependencies = (
			);
			fileSystemSynchronizedGroups = (
				C4795F362F8ADCC7002495D1 /* CafeHunter */,
			);
			name = CafeHunter;
			packageProductDependencies = (
				C4795F702F8AE41D002495D1 /* FirebaseAuth */,
				C4795F722F8AE41D002495D1 /* FirebaseCore */,
				C4795F742F8AE41D002495D1 /* FirebaseFirestore */,
				C4795F762F8AE41D002495D1 /* FirebaseStorage */,
				C4795F782F8AE41D002495D1 /* FirebaseMessaging */,
				C4795F7B2F8C0E2002495D1 /* Lottie */,
				C4795F682F8AE41D002495D1 /* GoogleSignIn */,
				C4795F6A2F8AE41D002495D1 /* GoogleSignInSwift */,
				C43CAA5B2F9B50EB00ABCA8A /* FirebaseFunctions */,
				C40DF9022FA86EEB000FE277 /* GooglePlaces */,
				C40DF9042FA86EEB000FE277 /* GooglePlacesSwift */,
			);
			productName = CafeHunter;
			productReference = C4795F342F8ADCC7002495D1 /* CafeHunter.app */;
			productType = "com.apple.product-type.application";
		};
/* End PBXNativeTarget section */

/* Begin PBXProject section */
		C4795F2C2F8ADCC7002495D1 /* Project object */ = {
			isa = PBXProject;
			attributes = {
				BuildIndependentTargetsInParallel = 1;
				LastSwiftUpdateCheck = 2640;
				LastUpgradeCheck = 2640;
				TargetAttributes = {
					C4795F332F8ADCC7002495D1 = {
						CreatedOnToolsVersion = 26.4;
					};
				};
			};
			buildConfigurationList = C4795F2F2F8ADCC7002495D1 /* Build configuration list for PBXProject "CafeHunter" */;
			developmentRegion = en;
			hasScannedForEncodings = 0;
			knownRegions = (
				en,
				Base,
			);
			mainGroup = C4795F2B2F8ADCC7002495D1;
			minimizedProjectReferenceProxies = 1;
			packageReferences = (
				C4795F662F8AE3D7002495D1 /* XCRemoteSwiftPackageReference "firebase-ios-sdk" */,
				C4795F672F8AE41D002495D1 /* XCRemoteSwiftPackageReference "GoogleSignIn-iOS" */,
				C4795F7A2F8C0E2002495D1 /* XCRemoteSwiftPackageReference "lottie-spm" */,
				C40DF9012FA86EEB000FE277 /* XCRemoteSwiftPackageReference "ios-places-sdk" */,
			);
			preferredProjectObjectVersion = 77;
			productRefGroup = C4795F352F8ADCC7002495D1 /* Products */;
			projectDirPath = "";
			projectRoot = "";
			targets = (
				C4795F332F8ADCC7002495D1 /* CafeHunter */,
			);
		};
/* End PBXProject section */

/* Begin PBXResourcesBuildPhase section */
		C4795F322F8ADCC7002495D1 /* Resources */ = {
			isa = PBXResourcesBuildPhase;
			buildActionMask = 2147483647;
			files = (
			);
			runOnlyForDeploymentPostprocessing = 0;
		};
/* End PBXResourcesBuildPhase section */

/* Begin PBXSourcesBuildPhase section */
		C4795F302F8ADCC7002495D1 /* Sources */ = {
			isa = PBXSourcesBuildPhase;
			buildActionMask = 2147483647;
			files = (
			);
			runOnlyForDeploymentPostprocessing = 0;
		};
/* End PBXSourcesBuildPhase section */

/* Begin XCBuildConfiguration section */
		C4795F3D2F8ADCC8002495D1 /* Debug */ = {
			isa = XCBuildConfiguration;
			buildSettings = {
				ALWAYS_SEARCH_USER_PATHS = NO;
				ASSETCATALOG_COMPILER_GENERATE_SWIFT_ASSET_SYMBOL_EXTENSIONS = YES;
				CLANG_ANALYZER_NONNULL = YES;
				CLANG_ANALYZER_NUMBER_OBJECT_CONVERSION = YES_AGGRESSIVE;
				CLANG_CXX_LANGUAGE_STANDARD = "gnu++20";
				CLANG_ENABLE_MODULES = YES;
				CLANG_ENABLE_OBJC_ARC = YES;
				CLANG_ENABLE_OBJC_WEAK = YES;
				CLANG_WARN_BLOCK_CAPTURE_AUTORELEASING = YES;
				CLANG_WARN_BOOL_CONVERSION = YES;
				CLANG_WARN_COMMA = YES;
				CLANG_WARN_CONSTANT_CONVERSION = YES;
				CLANG_WARN_DEPRECATED_OBJC_IMPLEMENTATIONS = YES;
				CLANG_WARN_DIRECT_OBJC_ISA_USAGE = YES_ERROR;
				CLANG_WARN_DOCUMENTATION_COMMENTS = YES;
				CLANG_WARN_EMPTY_BODY = YES;
				CLANG_WARN_ENUM_CONVERSION = YES;
				CLANG_WARN_INFINITE_RECURSION = YES;
				CLANG_WARN_INT_CONVERSION = YES;
				CLANG_WARN_NON_LITERAL_NULL_CONVERSION = YES;
				CLANG_WARN_OBJC_IMPLICIT_RETAIN_SELF = YES;
				CLANG_WARN_OBJC_LITERAL_CONVERSION = YES;
				CLANG_WARN_OBJC_ROOT_CLASS = YES_ERROR;
				CLANG_WARN_QUOTED_INCLUDE_IN_FRAMEWORK_HEADER = YES;
				CLANG_WARN_RANGE_LOOP_ANALYSIS = YES;
				CLANG_WARN_STRICT_PROTOTYPES = YES;
				CLANG_WARN_SUSPICIOUS_MOVE = YES;
				CLANG_WARN_UNGUARDED_AVAILABILITY = YES_AGGRESSIVE;
				CLANG_WARN_UNREACHABLE_CODE = YES;
				CLANG_WARN__DUPLICATE_METHOD_MATCH = YES;
				COPY_PHASE_STRIP = NO;
				DEBUG_INFORMATION_FORMAT = dwarf;
				ENABLE_STRICT_OBJC_MSGSEND = YES;
				ENABLE_TESTABILITY = YES;
				ENABLE_USER_SCRIPT_SANDBOXING = YES;
				GCC_C_LANGUAGE_STANDARD = gnu17;
				GCC_DYNAMIC_NO_PIC = NO;
				GCC_NO_COMMON_BLOCKS = YES;
				GCC_OPTIMIZATION_LEVEL = 0;
				GCC_PREPROCESSOR_DEFINITIONS = (
					"DEBUG=1",
					"$(inherited)",
				);
				GCC_WARN_64_TO_32_BIT_CONVERSION = YES;
				GCC_WARN_ABOUT_RETURN_TYPE = YES_ERROR;
				GCC_WARN_UNDECLARED_SELECTOR = YES;
				GCC_WARN_UNINITIALIZED_AUTOS = YES_AGGRESSIVE;
				GCC_WARN_UNUSED_FUNCTION = YES;
				GCC_WARN_UNUSED_VARIABLE = YES;
				IPHONEOS_DEPLOYMENT_TARGET = 26.4;
				LOCALIZATION_PREFERS_STRING_CATALOGS = YES;
				MTL_ENABLE_DEBUG_INFO = INCLUDE_SOURCE;
				MTL_FAST_MATH = YES;
				ONLY_ACTIVE_ARCH = YES;
				SDKROOT = iphoneos;
				SWIFT_ACTIVE_COMPILATION_CONDITIONS = "DEBUG $(inherited)";
				SWIFT_OPTIMIZATION_LEVEL = "-Onone";
			};
			name = Debug;
		};
		C4795F3E2F8ADCC8002495D1 /* Release */ = {
			isa = XCBuildConfiguration;
			buildSettings = {
				ALWAYS_SEARCH_USER_PATHS = NO;
				ASSETCATALOG_COMPILER_GENERATE_SWIFT_ASSET_SYMBOL_EXTENSIONS = YES;
				CLANG_ANALYZER_NONNULL = YES;
				CLANG_ANALYZER_NUMBER_OBJECT_CONVERSION = YES_AGGRESSIVE;
				CLANG_CXX_LANGUAGE_STANDARD = "gnu++20";
				CLANG_ENABLE_MODULES = YES;
				CLANG_ENABLE_OBJC_ARC = YES;
				CLANG_ENABLE_OBJC_WEAK = YES;
				CLANG_WARN_BLOCK_CAPTURE_AUTORELEASING = YES;
				CLANG_WARN_BOOL_CONVERSION = YES;
				CLANG_WARN_COMMA = YES;
				CLANG_WARN_CONSTANT_CONVERSION = YES;
				CLANG_WARN_DEPRECATED_OBJC_IMPLEMENTATIONS = YES;
				CLANG_WARN_DIRECT_OBJC_ISA_USAGE = YES_ERROR;
				CLANG_WARN_DOCUMENTATION_COMMENTS = YES;
				CLANG_WARN_EMPTY_BODY = YES;
				CLANG_WARN_ENUM_CONVERSION = YES;
				CLANG_WARN_INFINITE_RECURSION = YES;
				CLANG_WARN_INT_CONVERSION = YES;
				CLANG_WARN_NON_LITERAL_NULL_CONVERSION = YES;
				CLANG_WARN_OBJC_IMPLICIT_RETAIN_SELF = YES;
				CLANG_WARN_OBJC_LITERAL_CONVERSION = YES;
				CLANG_WARN_OBJC_ROOT_CLASS = YES_ERROR;
				CLANG_WARN_QUOTED_INCLUDE_IN_FRAMEWORK_HEADER = YES;
				CLANG_WARN_RANGE_LOOP_ANALYSIS = YES;
				CLANG_WARN_STRICT_PROTOTYPES = YES;
				CLANG_WARN_SUSPICIOUS_MOVE = YES;
				CLANG_WARN_UNGUARDED_AVAILABILITY = YES_AGGRESSIVE;
				CLANG_WARN_UNREACHABLE_CODE = YES;
				CLANG_WARN__DUPLICATE_METHOD_MATCH = YES;
				COPY_PHASE_STRIP = NO;
				DEBUG_INFORMATION_FORMAT = "dwarf-with-dsym";
				ENABLE_NS_ASSERTIONS = NO;
				ENABLE_STRICT_OBJC_MSGSEND = YES;
				ENABLE_USER_SCRIPT_SANDBOXING = YES;
				GCC_C_LANGUAGE_STANDARD = gnu17;
				GCC_NO_COMMON_BLOCKS = YES;
				GCC_WARN_64_TO_32_BIT_CONVERSION = YES;
				GCC_WARN_ABOUT_RETURN_TYPE = YES_ERROR;
				GCC_WARN_UNDECLARED_SELECTOR = YES;
				GCC_WARN_UNINITIALIZED_AUTOS = YES_AGGRESSIVE;
				GCC_WARN_UNUSED_FUNCTION = YES;
				GCC_WARN_UNUSED_VARIABLE = YES;
				IPHONEOS_DEPLOYMENT_TARGET = 26.4;
				LOCALIZATION_PREFERS_STRING_CATALOGS = YES;
				MTL_ENABLE_DEBUG_INFO = NO;
				MTL_FAST_MATH = YES;
				SDKROOT = iphoneos;
				SWIFT_COMPILATION_MODE = wholemodule;
				VALIDATE_PRODUCT = YES;
			};
			name = Release;
		};
		C4795F402F8ADCC8002495D1 /* Debug */ = {
			isa = XCBuildConfiguration;
			buildSettings = {
				ASSETCATALOG_COMPILER_APPICON_NAME = AppIcon;
				ASSETCATALOG_COMPILER_GLOBAL_ACCENT_COLOR_NAME = AccentColor;
				CODE_SIGN_ENTITLEMENTS = CafeHunter/CafeHunter.entitlements;
				CODE_SIGN_STYLE = Automatic;
				CURRENT_PROJECT_VERSION = 1;
				DEVELOPMENT_TEAM = 5GQ3DBXL52;
				ENABLE_PREVIEWS = YES;
				GENERATE_INFOPLIST_FILE = YES;
				INFOPLIST_FILE = CafeHunter/Info.plist;
				INFOPLIST_KEY_NSCameraUsageDescription = "CafeHunter uses the camera to share cafe moments with friends.";
				INFOPLIST_KEY_NSLocationWhenInUseUsageDescription = "CafeHunter needs your location to show nearby cafes and your position on the map.";
				INFOPLIST_KEY_NSMicrophoneUsageDescription = "CafeHunter uses the microphone to record audio with your cafe videos.";
				INFOPLIST_KEY_UIApplicationSceneManifest_Generation = YES;
				INFOPLIST_KEY_UIApplicationSupportsIndirectInputEvents = YES;
				INFOPLIST_KEY_UILaunchScreen_Generation = YES;
				INFOPLIST_KEY_UISupportedInterfaceOrientations_iPad = "UIInterfaceOrientationPortrait UIInterfaceOrientationPortraitUpsideDown UIInterfaceOrientationLandscapeLeft UIInterfaceOrientationLandscapeRight";
				INFOPLIST_KEY_UISupportedInterfaceOrientations_iPhone = "UIInterfaceOrientationPortrait UIInterfaceOrientationLandscapeLeft UIInterfaceOrientationLandscapeRight";
				LD_RUNPATH_SEARCH_PATHS = (
					"$(inherited)",
					"@executable_path/Frameworks",
				);
				MARKETING_VERSION = 1.0;
				PRODUCT_BUNDLE_IDENTIFIER = TechVision.CafeHunter;
				PRODUCT_NAME = "$(TARGET_NAME)";
				STRING_CATALOG_GENERATE_SYMBOLS = YES;
				SWIFT_APPROACHABLE_CONCURRENCY = YES;
				SWIFT_DEFAULT_ACTOR_ISOLATION = MainActor;
				SWIFT_EMIT_LOC_STRINGS = YES;
				SWIFT_UPCOMING_FEATURE_MEMBER_IMPORT_VISIBILITY = YES;
				SWIFT_VERSION = 5.0;
				TARGETED_DEVICE_FAMILY = "1,2";
			};
			name = Debug;
		};
		C4795F412F8ADCC8002495D1 /* Release */ = {
			isa = XCBuildConfiguration;
			buildSettings = {
				ASSETCATALOG_COMPILER_APPICON_NAME = AppIcon;
				ASSETCATALOG_COMPILER_GLOBAL_ACCENT_COLOR_NAME = AccentColor;
				CODE_SIGN_ENTITLEMENTS = CafeHunter/CafeHunter.entitlements;
				CODE_SIGN_STYLE = Automatic;
				CURRENT_PROJECT_VERSION = 1;
				DEVELOPMENT_TEAM = 5GQ3DBXL52;
				ENABLE_PREVIEWS = YES;
				GENERATE_INFOPLIST_FILE = YES;
				INFOPLIST_FILE = CafeHunter/Info.plist;
				INFOPLIST_KEY_NSCameraUsageDescription = "CafeHunter uses the camera to share cafe moments with friends.";
				INFOPLIST_KEY_NSLocationWhenInUseUsageDescription = "CafeHunter needs your location to show nearby cafes and your position on the map.";
				INFOPLIST_KEY_NSMicrophoneUsageDescription = "CafeHunter uses the microphone to record audio with your cafe videos.";
				INFOPLIST_KEY_UIApplicationSceneManifest_Generation = YES;
				INFOPLIST_KEY_UIApplicationSupportsIndirectInputEvents = YES;
				INFOPLIST_KEY_UILaunchScreen_Generation = YES;
				INFOPLIST_KEY_UISupportedInterfaceOrientations_iPad = "UIInterfaceOrientationPortrait UIInterfaceOrientationPortraitUpsideDown UIInterfaceOrientationLandscapeLeft UIInterfaceOrientationLandscapeRight";
				INFOPLIST_KEY_UISupportedInterfaceOrientations_iPhone = "UIInterfaceOrientationPortrait UIInterfaceOrientationLandscapeLeft UIInterfaceOrientationLandscapeRight";
				LD_RUNPATH_SEARCH_PATHS = (
					"$(inherited)",
					"@executable_path/Frameworks",
				);
				MARKETING_VERSION = 1.0;
				PRODUCT_BUNDLE_IDENTIFIER = TechVision.CafeHunter;
				PRODUCT_NAME = "$(TARGET_NAME)";
				STRING_CATALOG_GENERATE_SYMBOLS = YES;
				SWIFT_APPROACHABLE_CONCURRENCY = YES;
				SWIFT_DEFAULT_ACTOR_ISOLATION = MainActor;
				SWIFT_EMIT_LOC_STRINGS = YES;
				SWIFT_UPCOMING_FEATURE_MEMBER_IMPORT_VISIBILITY = YES;
				SWIFT_VERSION = 5.0;
				TARGETED_DEVICE_FAMILY = "1,2";
			};
			name = Release;
		};
/* End XCBuildConfiguration section */

/* Begin XCConfigurationList section */
		C4795F2F2F8ADCC7002495D1 /* Build configuration list for PBXProject "CafeHunter" */ = {
			isa = XCConfigurationList;
			buildConfigurations = (
				C4795F3D2F8ADCC8002495D1 /* Debug */,
				C4795F3E2F8ADCC8002495D1 /* Release */,
			);
			defaultConfigurationIsVisible = 0;
			defaultConfigurationName = Release;
		};
		C4795F3F2F8ADCC8002495D1 /* Build configuration list for PBXNativeTarget "CafeHunter" */ = {
			isa = XCConfigurationList;
			buildConfigurations = (
				C4795F402F8ADCC8002495D1 /* Debug */,
				C4795F412F8ADCC8002495D1 /* Release */,
			);
			defaultConfigurationIsVisible = 0;
			defaultConfigurationName = Release;
		};
/* End XCConfigurationList section */

/* Begin XCRemoteSwiftPackageReference section */
		C40DF9012FA86EEB000FE277 /* XCRemoteSwiftPackageReference "ios-places-sdk" */ = {
			isa = XCRemoteSwiftPackageReference;
			repositoryURL = "https://github.com/googlemaps/ios-places-sdk";
			requirement = {
				kind = upToNextMajorVersion;
				minimumVersion = 10.12.0;
			};
		};
		C4795F662F8AE3D7002495D1 /* XCRemoteSwiftPackageReference "firebase-ios-sdk" */ = {
			isa = XCRemoteSwiftPackageReference;
			repositoryURL = "https://github.com/firebase/firebase-ios-sdk.git";
			requirement = {
				kind = upToNextMajorVersion;
				minimumVersion = 12.12.0;
			};
		};
		C4795F672F8AE41D002495D1 /* XCRemoteSwiftPackageReference "GoogleSignIn-iOS" */ = {
			isa = XCRemoteSwiftPackageReference;
			repositoryURL = "https://github.com/google/GoogleSignIn-iOS.git";
			requirement = {
				branch = main;
				kind = branch;
			};
		};
		C4795F7A2F8C0E2002495D1 /* XCRemoteSwiftPackageReference "lottie-spm" */ = {
			isa = XCRemoteSwiftPackageReference;
			repositoryURL = "https://github.com/airbnb/lottie-spm.git";
			requirement = {
				kind = exactVersion;
				version = 4.6.0;
			};
		};
/* End XCRemoteSwiftPackageReference section */

/* Begin XCSwiftPackageProductDependency section */
		C40DF9022FA86EEB000FE277 /* GooglePlaces */ = {
			isa = XCSwiftPackageProductDependency;
			package = C40DF9012FA86EEB000FE277 /* XCRemoteSwiftPackageReference "ios-places-sdk" */;
			productName = GooglePlaces;
		};
		C40DF9042FA86EEB000FE277 /* GooglePlacesSwift */ = {
			isa = XCSwiftPackageProductDependency;
			package = C40DF9012FA86EEB000FE277 /* XCRemoteSwiftPackageReference "ios-places-sdk" */;
			productName = GooglePlacesSwift;
		};
		C43CAA5B2F9B50EB00ABCA8A /* FirebaseFunctions */ = {
			isa = XCSwiftPackageProductDependency;
			package = C4795F662F8AE3D7002495D1 /* XCRemoteSwiftPackageReference "firebase-ios-sdk" */;
			productName = FirebaseFunctions;
		};
		C4795F682F8AE41D002495D1 /* GoogleSignIn */ = {
			isa = XCSwiftPackageProductDependency;
			package = C4795F672F8AE41D002495D1 /* XCRemoteSwiftPackageReference "GoogleSignIn-iOS" */;
			productName = GoogleSignIn;
		};
		C4795F6A2F8AE41D002495D1 /* GoogleSignInSwift */ = {
			isa = XCSwiftPackageProductDependency;
			package = C4795F672F8AE41D002495D1 /* XCRemoteSwiftPackageReference "GoogleSignIn-iOS" */;
			productName = GoogleSignInSwift;
		};
		C4795F702F8AE41D002495D1 /* FirebaseAuth */ = {
			isa = XCSwiftPackageProductDependency;
			package = C4795F662F8AE3D7002495D1 /* XCRemoteSwiftPackageReference "firebase-ios-sdk" */;
			productName = FirebaseAuth;
		};
		C4795F722F8AE41D002495D1 /* FirebaseCore */ = {
			isa = XCSwiftPackageProductDependency;
			package = C4795F662F8AE3D7002495D1 /* XCRemoteSwiftPackageReference "firebase-ios-sdk" */;
			productName = FirebaseCore;
		};
		C4795F742F8AE41D002495D1 /* FirebaseFirestore */ = {
			isa = XCSwiftPackageProductDependency;
			package = C4795F662F8AE3D7002495D1 /* XCRemoteSwiftPackageReference "firebase-ios-sdk" */;
			productName = FirebaseFirestore;
		};
		C4795F762F8AE41D002495D1 /* FirebaseStorage */ = {
			isa = XCSwiftPackageProductDependency;
			package = C4795F662F8AE3D7002495D1 /* XCRemoteSwiftPackageReference "firebase-ios-sdk" */;
			productName = FirebaseStorage;
		};
		C4795F782F8AE41D002495D1 /* FirebaseMessaging */ = {
			isa = XCSwiftPackageProductDependency;
			package = C4795F662F8AE3D7002495D1 /* XCRemoteSwiftPackageReference "firebase-ios-sdk" */;
			productName = FirebaseMessaging;
		};
		C4795F7B2F8C0E2002495D1 /* Lottie */ = {
			isa = XCSwiftPackageProductDependency;
			package = C4795F7A2F8C0E2002495D1 /* XCRemoteSwiftPackageReference "lottie-spm" */;
			productName = Lottie;
		};
/* End XCSwiftPackageProductDependency section */
	};
	rootObject = C4795F2C2F8ADCC7002495D1 /* Project object */;
}
